lockfileVersion: '9.0'

settings:
  autoInstallPeers: true
  excludeLinksFromLockfile: false

importers:

  .:
    dependencies:
      '@tabler/icons-react':
        specifier: ^3.44.0
        version: 3.47.0(react@19.3.0)

packages:

  '@tabler/icons-react@3.47.0':
    resolution: {integrity: sha512-lQkDkYwqTzRNt+MYNinu+fkcIZLKjYBcI37RWkcY72doOgE/vMVFvrFrGZ2cVo2ueB3zH1dWMIhnGgi8Y5mFJA==}
    peerDependencies:
      react: '>= 16'

  '@tabler/icons@3.47.0':
    resolution: {integrity: sha512-aCbSemVrGvSA3w0sJi8mka6QrnQCN8wCD1jKNXXIR/h6Q4ffov/yFPyzjTULDM8ETtK4DABUZhWdYlygqy3npA==}

  react@19.3.0:
    resolution: {integrity: sha512-E8LUcbtBWt20bbl2YoHfx4ZDBdxVTfOKtCZn9cDSJ4l6/nuoApcpIBcj47t2wZoVX8g2ZHuMHbiShgCR1T5Sog==}
    engines: {node: '>=0.10.0'}

snapshots:

  '@tabler/icons-react@3.47.0(react@19.3.0)':
    dependencies:
      '@tabler/icons': 3.47.0
      react: 19.3.0

  '@tabler/icons@3.47.0': {}

  react@19.3.0: {}
